
Microsoft Visual Studio Solution File, Format Version 12.00
# Visual Studio Version 17
VisualStudioVersion = 17.5.33516.290
MinimumVisualStudioVersion = 10.0.40219.1
Project("{FAE04EC0-301F-11D3-BF4B-00C04F79EFBC}") = "wCuascotaSS2.Android", "wCuascotaSS2.Android\wCuascotaSS2.Android.csproj", "{83A67276-AF7E-4749-A010-9A101C5A810E}"
EndProject
Project("{FAE04EC0-301F-11D3-BF4B-00C04F79EFBC}") = "wCuascotaSS2.iOS", "wCuascotaSS2.iOS\wCuascotaSS2.iOS.csproj", "{B766ABC4-A019-4B00-8FCC-14F52191E059}"
EndProject
Project("{FAE04EC0-301F-11D3-BF4B-00C04F79EFBC}") = "wCuascotaSS2", "wCuascotaSS2\wCuascotaSS2.csproj", "{442E997B-4E21-40F4-8DE9-C3D095C96549}"
EndProject
Global
	GlobalSection(SolutionConfigurationPlatforms) = preSolution
		Debug|Any CPU = Debug|Any CPU
		Debug|iPhone = Debug|iPhone
		Debug|iPhoneSimulator = Debug|iPhoneSimulator
		Release|Any CPU = Release|Any CPU
		Release|iPhone = Release|iPhone
		Release|iPhoneSimulator = Release|iPhoneSimulator
	EndGlobalSection
	GlobalSection(ProjectConfigurationPlatforms) = postSolution
		{83A67276-AF7E-4749-A010-9A101C5A810E}.Debug|Any CPU.ActiveCfg = Debug|Any CPU
		{83A67276-AF7E-4749-A010-9A101C5A810E}.Debug|Any CPU.Build.0 = Debug|Any CPU
		{83A67276-AF7E-4749-A010-9A101C5A810E}.Debug|Any CPU.Deploy.0 = Debug|Any CPU
		{83A67276-AF7E-4749-A010-9A101C5A810E}.Debug|iPhone.ActiveCfg = Debug|Any CPU
		{83A67276-AF7E-4749-A010-9A101C5A810E}.Debug|iPhone.Build.0 = Debug|Any CPU
		{83A67276-AF7E-4749-A010-9A101C5A810E}.Debug|iPhone.Deploy.0 = Debug|Any CPU
		{83A67276-AF7E-4749-A010-9A101C5A810E}.Debug|iPhoneSimulator.ActiveCfg = Debug|Any CPU
		{83A67276-AF7E-4749-A010-9A101C5A810E}.Debug|iPhoneSimulator.Build.0 = Debug|Any CPU
		{83A67276-AF7E-4749-A010-9A101C5A810E}.Debug|iPhoneSimulator.Deploy.0 = Debug|Any CPU
		{83A67276-AF7E-4749-A010-9A101C5A810E}.Release|Any CPU.ActiveCfg = Release|Any CPU
		{83A67276-AF7E-4749-A010-9A101C5A810E}.Release|Any CPU.Build.0 = Release|Any CPU
		{83A67276-AF7E-4749-A010-9A101C5A810E}.Release|Any CPU.Deploy.0 = Release|Any CPU
		{83A67276-AF7E-4749-A010-9A101C5A810E}.Release|iPhone.ActiveCfg = Release|Any CPU
		{83A67276-AF7E-4749-A010-9A101C5A810E}.Release|iPhone.Build.0 = Release|Any CPU
		{83A67276-AF7E-4749-A010-9A101C5A810E}.Release|iPhone.Deploy.0 = Release|Any CPU
		{83A67276-AF7E-4749-A010-9A101C5A810E}.Release|iPhoneSimulator.ActiveCfg = Release|Any CPU
		{83A67276-AF7E-4749-A010-9A101C5A810E}.Release|iPhoneSimulator.Build.0 = Release|Any CPU
		{83A67276-AF7E-4749-A010-9A101C5A810E}.Release|iPhoneSimulator.Deploy.0 = Release|Any CPU
		{B766ABC4-A019-4B00-8FCC-14F52191E059}.Debug|Any CPU.ActiveCfg = Debug|iPhone
		{B766ABC4-A019-4B00-8FCC-14F52191E059}.Debug|Any CPU.Build.0 = Debug|iPhone
		{B766ABC4-A019-4B00-8FCC-14F52191E059}.Debug|Any CPU.Deploy.0 = Debug|iPhone
		{B766ABC4-A019-4B00-8FCC-14F52191E059}.Debug|iPhone.ActiveCfg = Debug|iPhone
		{B766ABC4-A019-4B00-8FCC-14F52191E059}.Debug|iPhone.Build.0 = Debug|iPhone
		{B766ABC4-A019-4B00-8FCC-14F52191E059}.Debug|iPhone.Deploy.0 = Debug|iPhone
		{B766ABC4-A019-4B00-8FCC-14F52191E059}.Debug|iPhoneSimulator.ActiveCfg = Debug|iPhoneSimulator
		{B766ABC4-A019-4B00-8FCC-14F52191E059}.Debug|iPhoneSimulator.Build.0 = Debug|iPhoneSimulator
		{B766ABC4-A019-4B00-8FCC-14F52191E059}.Debug|iPhoneSimulator.Deploy.0 = Debug|iPhoneSimulator
		{B766ABC4-A019-4B00-8FCC-14F52191E059}.Release|Any CPU.ActiveCfg = Release|iPhoneSimulator
		{B766ABC4-A019-4B00-8FCC-14F52191E059}.Release|Any CPU.Build.0 = Release|iPhoneSimulator
		{B766ABC4-A019-4B00-8FCC-14F52191E059}.Release|Any CPU.Deploy.0 = Release|iPhoneSimulator
		{B766ABC4-A019-4B00-8FCC-14F52191E059}.Release|iPhone.ActiveCfg = Release|iPhone
		{B766ABC4-A019-4B00-8FCC-14F52191E059}.Release|iPhone.Build.0 = Release|iPhone
		{B766ABC4-A019-4B00-8FCC-14F52191E059}.Release|iPhone.Deploy.0 = Release|iPhone
		{B766ABC4-A019-4B00-8FCC-14F52191E059}.Release|iPhoneSimulator.ActiveCfg = Release|iPhoneSimulator
		{B766ABC4-A019-4B00-8FCC-14F52191E059}.Release|iPhoneSimulator.Build.0 = Release|iPhoneSimulator
		{B766ABC4-A019-4B00-8FCC-14F52191E059}.Release|iPhoneSimulator.Deploy.0 = Release|iPhoneSimulator
		{442E997B-4E21-40F4-8DE9-C3D095C96549}.Debug|Any CPU.ActiveCfg = Debug|Any CPU
		{442E997B-4E21-40F4-8DE9-C3D095C96549}.Debug|Any CPU.Build.0 = Debug|Any CPU
		{442E997B-4E21-40F4-8DE9-C3D095C96549}.Debug|Any CPU.Deploy.0 = Debug|Any CPU
		{442E997B-4E21-40F4-8DE9-C3D095C96549}.Debug|iPhone.ActiveCfg = Debug|Any CPU
		{442E997B-4E21-40F4-8DE9-C3D095C96549}.Debug|iPhone.Build.0 = Debug|Any CPU
		{442E997B-4E21-40F4-8DE9-C3D095C96549}.Debug|iPhone.Deploy.0 = Debug|Any CPU
		{442E997B-4E21-40F4-8DE9-C3D095C96549}.Debug|iPhoneSimulator.ActiveCfg = Debug|Any CPU
		{442E997B-4E21-40F4-8DE9-C3D095C96549}.Debug|iPhoneSimulator.Build.0 = Debug|Any CPU
		{442E997B-4E21-40F4-8DE9-C3D095C96549}.Debug|iPhoneSimulator.Deploy.0 = Debug|Any CPU
		{442E997B-4E21-40F4-8DE9-C3D095C96549}.Release|Any CPU.ActiveCfg = Release|Any CPU
		{442E997B-4E21-40F4-8DE9-C3D095C96549}.Release|Any CPU.Build.0 = Release|Any CPU
		{442E997B-4E21-40F4-8DE9-C3D095C96549}.Release|Any CPU.Deploy.0 = Release|Any CPU
		{442E997B-4E21-40F4-8DE9-C3D095C96549}.Release|iPhone.ActiveCfg = Release|Any CPU
		{442E997B-4E21-40F4-8DE9-C3D095C96549}.Release|iPhone.Build.0 = Release|Any CPU
		{442E997B-4E21-40F4-8DE9-C3D095C96549}.Release|iPhone.Deploy.0 = Release|Any CPU
		{442E997B-4E21-40F4-8DE9-C3D095C96549}.Release|iPhoneSimulator.ActiveCfg = Release|Any CPU
		{442E997B-4E21-40F4-8DE9-C3D095C96549}.Release|iPhoneSimulator.Build.0 = Release|Any CPU
		{442E997B-4E21-40F4-8DE9-C3D095C96549}.Release|iPhoneSimulator.Deploy.0 = Release|Any CPU
	EndGlobalSection
	GlobalSection(SolutionProperties) = preSolution
		HideSolutionNode = FALSE
	EndGlobalSection
	GlobalSection(ExtensibilityGlobals) = postSolution
		SolutionGuid = {07CE8A96-AD44-4ACF-A610-1DEFAB304D7F}
	EndGlobalSection
EndGlobal
